dependencies:
- name: boxer-crd
  repository: oci://ghcr.io/sneaksanddata/helm
  version: v0.0.5
- name: boxer-issuer
  repository: oci://ghcr.io/sneaksanddata/helm
  version: v0.0.18
- name: boxer-validator-nginx
  repository: oci://ghcr.io/sneaksanddata/helm
  version: v0.0.20
digest: sha256:21eda3e202e3393e5b9dfeef34630e15e3b1416a957da3b5d897fe9f0c27b596
generated: "2026-08-25T15:12:05.449202+02:00"
